
Microsoft Visual Studio Solution File, Format Version 12.00
# Visual Studio Version 16
VisualStudioVersion = 16.0.29418.71
MinimumVisualStudioVersion = 10.0.40219.1
Project("{8BC9CEB8-8B4A-11D0-8D11-00A0C91BC942}") = "OOP_lab_7_C++", "OOP_lab_7_C++.vcxproj", "{03ECF63C-AFDA-4DD9-A308-812EF4446B59}"
EndProject
Global
	GlobalSection(SolutionConfigurationPlatforms) = preSolution
		Debug|x64 = Debug|x64
		Debug|x86 = Debug|x86
		Release|x64 = Release|x64
		Release|x86 = Release|x86
	EndGlobalSection
	GlobalSection(ProjectConfigurationPlatforms) = postSolution
		{03ECF63C-AFDA-4DD9-A308-812EF4446B59}.Debug|x64.ActiveCfg = Debug|x64
		{03ECF63C-AFDA-4DD9-A308-812EF4446B59}.Debug|x64.Build.0 = Debug|x64
		{03ECF63C-AFDA-4DD9-A308-812EF4446B59}.Debug|x86.ActiveCfg = Debug|Win32
		{03ECF63C-AFDA-4DD9-A308-812EF4446B59}.Debug|x86.Build.0 = Debug|Win32
		{03ECF63C-AFDA-4DD9-A308-812EF4446B59}.Release|x64.ActiveCfg = Release|x64
		{03ECF63C-AFDA-4DD9-A308-812EF4446B59}.Release|x64.Build.0 = Release|x64
		{03ECF63C-AFDA-4DD9-A308-812EF4446B59}.Release|x86.ActiveCfg = Release|Win32
		{03ECF63C-AFDA-4DD9-A308-812EF4446B59}.Release|x86.Build.0 = Release|Win32
	EndGlobalSection
	GlobalSection(SolutionProperties) = preSolution
		HideSolutionNode = FALSE
	EndGlobalSection
	GlobalSection(ExtensibilityGlobals) = postSolution
		SolutionGuid = {6BA8F427-AED1-4765-AA0A-A42595330420}
	EndGlobalSection
EndGlobal
